Microsoft Visual Studio Solution File, Format Version 12.00
# Visual Studio Version 17
VisualStudioVersion = 17.13.35931.197
MinimumVisualStudioVersion = 10.0.40219.1
Project("{FAE04EC0-301F-11D3-BF4B-00C04F79EFBC}") = "digiuserslib", "digiuserslib\digiuserslib.csproj", "{EFCAAA76-5362-44F9-A69F-FA3A76676A9D}"
EndProject
Project("{FAE04EC0-301F-11D3-BF4B-00C04F79EFBC}") = "digiusersweb", "digiusersweb\digiusersweb.csproj", "{83354C29-6CD2-48C5-946B-7F4507AB8FA6}"
	ProjectSection(ProjectDependencies) = postProject
		{40726D05-8B99-4943-9FA9-FA2C3D0DDACD} = {40726D05-8B99-4943-9FA9-FA2C3D0DDACD}
	EndProjectSection
EndProject
Project("{FAE04EC0-301F-11D3-BF4B-00C04F79EFBC}") = "digiusersrest", "digiusersrest\digiusersrest.csproj", "{40726D05-8B99-4943-9FA9-FA2C3D0DDACD}"
EndProject
Project("{FAE04EC0-301F-11D3-BF4B-00C04F79EFBC}") = "Blazorade.Mermaid", "..\Blazorade-Mermaid-11\Blazorade.Mermaid\Blazorade.Mermaid.csproj", "{B12D341C-28C7-C756-CB93-9D616A38FF37}"
EndProject
Project("{FAE04EC0-301F-11D3-BF4B-00C04F79EFBC}") = "digiuserstest", "digiuserstest\digiuserstest.csproj", "{D2678FD6-1889-4291-B0EB-230F69769461}"
EndProject
Global
	GlobalSection(SolutionConfigurationPlatforms) = preSolution
		Debug|Any CPU = Debug|Any CPU
		Release|Any CPU = Release|Any CPU
	EndGlobalSection
	GlobalSection(ProjectConfigurationPlatforms) = postSolution
		{EFCAAA76-5362-44F9-A69F-FA3A76676A9D}.Debug|Any CPU.ActiveCfg = Debug|Any CPU
		{EFCAAA76-5362-44F9-A69F-FA3A76676A9D}.Debug|Any CPU.Build.0 = Debug|Any CPU
		{EFCAAA76-5362-44F9-A69F-FA3A76676A9D}.Release|Any CPU.ActiveCfg = Release|Any CPU
		{EFCAAA76-5362-44F9-A69F-FA3A76676A9D}.Release|Any CPU.Build.0 = Release|Any CPU
		{83354C29-6CD2-48C5-946B-7F4507AB8FA6}.Debug|Any CPU.ActiveCfg = Debug|Any CPU
		{83354C29-6CD2-48C5-946B-7F4507AB8FA6}.Debug|Any CPU.Build.0 = Debug|Any CPU
		{83354C29-6CD2-48C5-946B-7F4507AB8FA6}.Release|Any CPU.ActiveCfg = Release|Any CPU
		{83354C29-6CD2-48C5-946B-7F4507AB8FA6}.Release|Any CPU.Build.0 = Release|Any CPU
		{40726D05-8B99-4943-9FA9-FA2C3D0DDACD}.Debug|Any CPU.ActiveCfg = Debug|Any CPU
		{40726D05-8B99-4943-9FA9-FA2C3D0DDACD}.Debug|Any CPU.Build.0 = Debug|Any CPU
		{40726D05-8B99-4943-9FA9-FA2C3D0DDACD}.Release|Any CPU.ActiveCfg = Release|Any CPU
		{40726D05-8B99-4943-9FA9-FA2C3D0DDACD}.Release|Any CPU.Build.0 = Release|Any CPU
		{B12D341C-28C7-C756-CB93-9D616A38FF37}.Debug|Any CPU.ActiveCfg = Debug|Any CPU
		{B12D341C-28C7-C756-CB93-9D616A38FF37}.Debug|Any CPU.Build.0 = Debug|Any CPU
		{B12D341C-28C7-C756-CB93-9D616A38FF37}.Release|Any CPU.ActiveCfg = Release|Any CPU
		{B12D341C-28C7-C756-CB93-9D616A38FF37}.Release|Any CPU.Build.0 = Release|Any CPU
		{D2678FD6-1889-4291-B0EB-230F69769461}.Debug|Any CPU.ActiveCfg = Debug|Any CPU
		{D2678FD6-1889-4291-B0EB-230F69769461}.Debug|Any CPU.Build.0 = Debug|Any CPU
		{D2678FD6-1889-4291-B0EB-230F69769461}.Release|Any CPU.ActiveCfg = Release|Any CPU
		{D2678FD6-1889-4291-B0EB-230F69769461}.Release|Any CPU.Build.0 = Release|Any CPU
	EndGlobalSection
	GlobalSection(SolutionProperties) = preSolution
		HideSolutionNode = FALSE
	EndGlobalSection
	GlobalSection(ExtensibilityGlobals) = postSolution
		SolutionGuid = {71D13CA3-E5F6-4586-B737-B6A06B94848C}
	EndGlobalSection
EndGlobal
